// !$*UTF8*$!
{
	archiveVersion = 1;
	classes = {
	};
	objectVersion = 46;
	objects = {

/* Begin PBXBuildFile section */
		4E37B4381D13ABDE000304F1 /* main.m in Sources */ = {isa = PBXBuildFile; fileRef = 4E37B4371D13ABDE000304F1 /* main.m */; };
		4E37B43B1D13ABDE000304F1 /* AppDelegate.m in Sources */ = {isa = PBXBuildFile; fileRef = 4E37B43A1D13ABDE000304F1 /* AppDelegate.m */; };
		4E37B43E1D13ABDE000304F1 /* ViewController.m in Sources */ = {isa = PBXBuildFile; fileRef = 4E37B43D1D13ABDE000304F1 /* ViewController.m */; };
		4E37B4411D13ABDE000304F1 /* Main.storyboard in Resources */ = {isa = PBXBuildFile; fileRef = 4E37B43F1D13ABDE000304F1 /* Main.storyboard */; };
		4E37B4431D13ABDE000304F1 /* Assets.xcassets in Resources */ = {isa = PBXBuildFile; fileRef = 4E37B4421D13ABDE000304F1 /* Assets.xcassets */; };
		4E37B4461D13ABDE000304F1 /* LaunchScreen.storyboard in Resources */ = {isa = PBXBuildFile; fileRef = 4E37B4441D13ABDE000304F1 /* LaunchScreen.storyboard */; };
		4E37B47D1D13ACCE000304F1 /* MKAnnotationView+WebCache.m in Sources */ = {isa = PBXBuildFile; fileRef = 4E37B45D1D13ACCE000304F1 /* MKAnnotationView+WebCache.m */; };
		4E37B47E1D13ACCE000304F1 /* NSData+GIF.m in Sources */ = {isa = PBXBuildFile; fileRef = 4E37B45F1D13ACCE000304F1 /* NSData+GIF.m */; };
		4E37B47F1D13ACCE000304F1 /* SDImageCache.m in Sources */ = {isa = PBXBuildFile; fileRef = 4E37B4611D13ACCE000304F1 /* SDImageCache.m */; };
		4E37B4801D13ACCE000304F1 /* SDWebImageCompat.m in Sources */ = {isa = PBXBuildFile; fileRef = 4E37B4631D13ACCE000304F1 /* SDWebImageCompat.m */; };
		4E37B4811D13ACCE000304F1 /* SDWebImageDecoder.m in Sources */ = {isa = PBXBuildFile; fileRef = 4E37B4651D13ACCE000304F1 /* SDWebImageDecoder.m */; };
		4E37B4821D13ACCE000304F1 /* SDWebImageDownloader.m in Sources */ = {isa = PBXBuildFile; fileRef = 4E37B4671D13ACCE000304F1 /* SDWebImageDownloader.m */; };
		4E37B4831D13ACCE000304F1 /* SDWebImageDownloaderOperation.m in Sources */ = {isa = PBXBuildFile; fileRef = 4E37B4691D13ACCE000304F1 /* SDWebImageDownloaderOperation.m */; };
		4E37B4841D13ACCE000304F1 /* SDWebImageManager+MJ.m in Sources */ = {isa = PBXBuildFile; fileRef = 4E37B46B1D13ACCE000304F1 /* SDWebImageManager+MJ.m */; };
		4E37B4851D13ACCE000304F1 /* SDWebImageManager.m in Sources */ = {isa = PBXBuildFile; fileRef = 4E37B46D1D13ACCE000304F1 /* SDWebImageManager.m */; };
		4E37B4861D13ACCE000304F1 /* SDWebImagePrefetcher.m in Sources */ = {isa = PBXBuildFile; fileRef = 4E37B4701D13ACCE000304F1 /* SDWebImagePrefetcher.m */; };
		4E37B4871D13ACCE000304F1 /* UIButton+WebCache.m in Sources */ = {isa = PBXBuildFile; fileRef = 4E37B4721D13ACCE000304F1 /* UIButton+WebCache.m */; };
		4E37B4881D13ACCE000304F1 /* UIImage+GIF.m in Sources */ = {isa = PBXBuildFile; fileRef = 4E37B4741D13ACCE000304F1 /* UIImage+GIF.m */; };
		4E37B4891D13ACCE000304F1 /* UIImage+MultiFormat.m in Sources */ = {isa = PBXBuildFile; fileRef = 4E37B4761D13ACCE000304F1 /* UIImage+MultiFormat.m */; };
		4E37B48A1D13ACCE000304F1 /* UIImage+WebP.m in Sources */ = {isa = PBXBuildFile; fileRef = 4E37B4781D13ACCE000304F1 /* UIImage+WebP.m */; };
		4E37B48B1D13ACCE000304F1 /* UIImageView+MJWebCache.m in Sources */ = {isa = PBXBuildFile; fileRef = 4E37B47A1D13ACCE000304F1 /* UIImageView+MJWebCache.m */; };
		4E37B48C1D13ACCE000304F1 /* UIImageView+WebCache.m in Sources */ = {isa = PBXBuildFile; fileRef = 4E37B47C1D13ACCE000304F1 /* UIImageView+WebCache.m */; };
		4E37B48F1D13AD61000304F1 /* UIView+Extension.m in Sources */ = {isa = PBXBuildFile; fileRef = 4E37B48E1D13AD61000304F1 /* UIView+Extension.m */; };
		4EF4C30D1D14012700D6720A /* KBFriendCirleView.m in Sources */ = {isa = PBXBuildFile; fileRef = 4EF4C30C1D14012700D6720A /* KBFriendCirleView.m */; };
		4EF566FF1D157DC600EE811D /* SDBrowserImageView.m in Sources */ = {isa = PBXBuildFile; fileRef = 4EF566F91D157DC600EE811D /* SDBrowserImageView.m */; };
		4EF567001D157DC600EE811D /* SDPhotoBrowser.m in Sources */ = {isa = PBXBuildFile; fileRef = 4EF566FB1D157DC600EE811D /* SDPhotoBrowser.m */; };
		4EF567011D157DC600EE811D /* SDWaitingView.m in Sources */ = {isa = PBXBuildFile; fileRef = 4EF566FE1D157DC600EE811D /* SDWaitingView.m */; };
/* End PBXBuildFile section */

/* Begin PBXFileReference section */
		4E37B4331D13ABDE000304F1 /* friendCirle.app */ = {isa = PBXFileReference; explicitFileType = wrapper.application; includeInIndex = 0; path = friendCirle.app; sourceTree = BUILT_PRODUCTS_DIR; };
		4E37B4371D13ABDE000304F1 /* main.m */ = {isa = PBXFileReference; lastKnownFileType = sourcecode.c.objc; path = main.m; sourceTree = "<group>"; };
		4E37B4391D13ABDE000304F1 /* AppDelegate.h */ = {isa = PBXFileReference; lastKnownFileType = sourcecode.c.h; path = AppDelegate.h; sourceTree = "<group>"; };
		4E37B43A1D13ABDE000304F1 /* AppDelegate.m */ = {isa = PBXFileReference; lastKnownFileType = sourcecode.c.objc; path = AppDelegate.m; sourceTree = "<group>"; };
		4E37B43C1D13ABDE000304F1 /* ViewController.h */ = {isa = PBXFileReference; lastKnownFileType = sourcecode.c.h; path = ViewController.h; sourceTree = "<group>"; };
		4E37B43D1D13ABDE000304F1 /* ViewController.m */ = {isa = PBXFileReference; lastKnownFileType = sourcecode.c.objc; path = ViewController.m; sourceTree = "<group>"; };
		4E37B4401D13ABDE000304F1 /* Base */ = {isa = PBXFileReference; lastKnownFileType = file.storyboard; name = Base; path = Base.lproj/Main.storyboard; sourceTree = "<group>"; };
		4E37B4421D13ABDE000304F1 /* Assets.xcassets */ = {isa = PBXFileReference; lastKnownFileType = folder.assetcatalog; path = Assets.xcassets; sourceTree = "<group>"; };
		4E37B4451D13ABDE000304F1 /* Base */ = {isa = PBXFileReference; lastKnownFileType = file.storyboard; name = Base; path = Base.lproj/LaunchScreen.storyboard; sourceTree = "<group>"; };
		4E37B4471D13ABDE000304F1 /* Info.plist */ = {isa = PBXFileReference; lastKnownFileType = text.plist.xml; path = Info.plist; sourceTree = "<group>"; };
		4E37B45C1D13ACCE000304F1 /* MKAnnotationView+WebCache.h */ = {isa = PBXFileReference; fileEncoding = 4; lastKnownFileType = sourcecode.c.h; path = "MKAnnotationView+WebCache.h"; sourceTree = "<group>"; };
		4E37B45D1D13ACCE000304F1 /* MKAnnotationView+WebCache.m */ = {isa = PBXFileReference; fileEncoding = 4; lastKnownFileType = sourcecode.c.objc; path = "MKAnnotationView+WebCache.m"; sourceTree = "<group>"; };
		4E37B45E1D13ACCE000304F1 /* NSData+GIF.h */ = {isa = PBXFileReference; fileEncoding = 4; lastKnownFileType = sourcecode.c.h; path = "NSData+GIF.h"; sourceTree = "<group>"; };
		4E37B45F1D13ACCE000304F1 /* NSData+GIF.m */ = {isa = PBXFileReference; fileEncoding = 4; lastKnownFileType = sourcecode.c.objc; path = "NSData+GIF.m"; sourceTree = "<group>"; };
		4E37B4601D13ACCE000304F1 /* SDImageCache.h */ = {isa = PBXFileReference; fileEncoding = 4; lastKnownFileType = sourcecode.c.h; path = SDImageCache.h; sourceTree = "<group>"; };
		4E37B4611D13ACCE000304F1 /* SDImageCache.m */ = {isa = PBXFileReference; fileEncoding = 4; lastKnownFileType = sourcecode.c.objc; path = SDImageCache.m; sourceTree = "<group>"; };
		4E37B4621D13ACCE000304F1 /* SDWebImageCompat.h */ = {isa = PBXFileReference; fileEncoding = 4; lastKnownFileType = sourcecode.c.h; path = SDWebImageCompat.h; sourceTree = "<group>"; };
		4E37B4631D13ACCE000304F1 /* SDWebImageCompat.m */ = {isa = PBXFileReference; fileEncoding = 4; lastKnownFileType = sourcecode.c.objc; path = SDWebImageCompat.m; sourceTree = "<group>"; };
		4E37B4641D13ACCE000304F1 /* SDWebImageDecoder.h */ = {isa = PBXFileReference; fileEncoding = 4; lastKnownFileType = sourcecode.c.h; path = SDWebImageDecoder.h; sourceTree = "<group>"; };
		4E37B4651D13ACCE000304F1 /* SDWebImageDecoder.m */ = {isa = PBXFileReference; fileEncoding = 4; lastKnownFileType = sourcecode.c.objc; path = SDWebImageDecoder.m; sourceTree = "<group>"; };
		4E37B4661D13ACCE000304F1 /* SDWebImageDownloader.h */ = {isa = PBXFileReference; fileEncoding = 4; lastKnownFileType = sourcecode.c.h; path = SDWebImageDownloader.h; sourceTree = "<group>"; };
		4E37B4671D13ACCE000304F1 /* SDWebImageDownloader.m */ = {isa = PBXFileReference; fileEncoding = 4; lastKnownFileType = sourcecode.c.objc; path = SDWebImageDownloader.m; sourceTree = "<group>"; };
		4E37B4681D13ACCE000304F1 /* SDWebImageDownloaderOperation.h */ = {isa = PBXFileReference; fileEncoding = 4; lastKnownFileType = sourcecode.c.h; path = SDWebImageDownloaderOperation.h; sourceTree = "<group>"; };
		4E37B4691D13ACCE000304F1 /* SDWebImageDownloaderOperation.m */ = {isa = PBXFileReference; fileEncoding = 4; lastKnownFileType = sourcecode.c.objc; path = SDWebImageDownloaderOperation.m; sourceTree = "<group>"; };
		4E37B46A1D13ACCE000304F1 /* SDWebImageManager+MJ.h */ = {isa = PBXFileReference; fileEncoding = 4; lastKnownFileType = sourcecode.c.h; path = "SDWebImageManager+MJ.h"; sourceTree = "<group>"; };
		4E37B46B1D13ACCE000304F1 /* SDWebImageManager+MJ.m */ = {isa = PBXFileReference; fileEncoding = 4; lastKnownFileType = sourcecode.c.objc; path = "SDWebImageManager+MJ.m"; sourceTree = "<group>"; };
		4E37B46C1D13ACCE000304F1 /* SDWebImageManager.h */ = {isa = PBXFileReference; fileEncoding = 4; lastKnownFileType = sourcecode.c.h; path = SDWebImageManager.h; sourceTree = "<group>"; };
		4E37B46D1D13ACCE000304F1 /* SDWebImageManager.m */ = {isa = PBXFileReference; fileEncoding = 4; lastKnownFileType = sourcecode.c.objc; path = SDWebImageManager.m; sourceTree = "<group>"; };
		4E37B46E1D13ACCE000304F1 /* SDWebImageOperation.h */ = {isa = PBXFileReference; fileEncoding = 4; lastKnownFileType = sourcecode.c.h; path = SDWebImageOperation.h; sourceTree = "<group>"; };
		4E37B46F1D13ACCE000304F1 /* SDWebImagePrefetcher.h */ = {isa = PBXFileReference; fileEncoding = 4; lastKnownFileType = sourcecode.c.h; path = SDWebImagePrefetcher.h; sourceTree = "<group>"; };
		4E37B4701D13ACCE000304F1 /* SDWebImagePrefetcher.m */ = {isa = PBXFileReference; fileEncoding = 4; lastKnownFileType = sourcecode.c.objc; path = SDWebImagePrefetcher.m; sourceTree = "<group>"; };
		4E37B4711D13ACCE000304F1 /* UIButton+WebCache.h */ = {isa = PBXFileReference; fileEncoding = 4; lastKnownFileType = sourcecode.c.h; path = "UIButton+WebCache.h"; sourceTree = "<group>"; };
		4E37B4721D13ACCE000304F1 /* UIButton+WebCache.m */ = {isa = PBXFileReference; fileEncoding = 4; lastKnownFileType = sourcecode.c.objc; path = "UIButton+WebCache.m"; sourceTree = "<group>"; };
		4E37B4731D13ACCE000304F1 /* UIImage+GIF.h */ = {isa = PBXFileReference; fileEncoding = 4; lastKnownFileType = sourcecode.c.h; path = "UIImage+GIF.h"; sourceTree = "<group>"; };
		4E37B4741D13ACCE000304F1 /* UIImage+GIF.m */ = {isa = PBXFileReference; fileEncoding = 4; lastKnownFileType = sourcecode.c.objc; path = "UIImage+GIF.m"; sourceTree = "<group>"; };
		4E37B4751D13ACCE000304F1 /* UIImage+MultiFormat.h */ = {isa = PBXFileReference; fileEncoding = 4; lastKnownFileType = sourcecode.c.h; path = "UIImage+MultiFormat.h"; sourceTree = "<group>"; };
		4E37B4761D13ACCE000304F1 /* UIImage+MultiFormat.m */ = {isa = PBXFileReference; fileEncoding = 4; lastKnownFileType = sourcecode.c.objc; path = "UIImage+MultiFormat.m"; sourceTree = "<group>"; };
		4E37B4771D13ACCE000304F1 /* UIImage+WebP.h */ = {isa = PBXFileReference; fileEncoding = 4; lastKnownFileType = sourcecode.c.h; path = "UIImage+WebP.h"; sourceTree = "<group>"; };
		4E37B4781D13ACCE000304F1 /* UIImage+WebP.m */ = {isa = PBXFileReference; fileEncoding = 4; lastKnownFileType = sourcecode.c.objc; path = "UIImage+WebP.m"; sourceTree = "<group>"; };
		4E37B4791D13ACCE000304F1 /* UIImageView+MJWebCache.h */ = {isa = PBXFileReference; fileEncoding = 4; lastKnownFileType = sourcecode.c.h; path = "UIImageView+MJWebCache.h"; sourceTree = "<group>"; };
		4E37B47A1D13ACCE000304F1 /* UIImageView+MJWebCache.m */ = {isa = PBXFileReference; fileEncoding = 4; lastKnownFileType = sourcecode.c.objc; path = "UIImageView+MJWebCache.m"; sourceTree = "<group>"; };
		4E37B47B1D13ACCE000304F1 /* UIImageView+WebCache.h */ = {isa = PBXFileReference; fileEncoding = 4; lastKnownFileType = sourcecode.c.h; path = "UIImageView+WebCache.h"; sourceTree = "<group>"; };
		4E37B47C1D13ACCE000304F1 /* UIImageView+WebCache.m */ = {isa = PBXFileReference; fileEncoding = 4; lastKnownFileType = sourcecode.c.objc; path = "UIImageView+WebCache.m"; sourceTree = "<group>"; };
		4E37B48D1D13AD61000304F1 /* UIView+Extension.h */ = {isa = PBXFileReference; fileEncoding = 4; lastKnownFileType = sourcecode.c.h; path = "UIView+Extension.h"; sourceTree = "<group>"; };
		4E37B48E1D13AD61000304F1 /* UIView+Extension.m */ = {isa = PBXFileReference; fileEncoding = 4; lastKnownFileType = sourcecode.c.objc; path = "UIView+Extension.m"; sourceTree = "<group>"; };
		4EF4C30B1D14012700D6720A /* KBFriendCirleView.h */ = {isa = PBXFileReference; fileEncoding = 4; lastKnownFileType = sourcecode.c.h; path = KBFriendCirleView.h; sourceTree = "<group>"; };
		4EF4C30C1D14012700D6720A /* KBFriendCirleView.m */ = {isa = PBXFileReference; fileEncoding = 4; lastKnownFileType = sourcecode.c.objc; path = KBFriendCirleView.m; sourceTree = "<group>"; };
		4EF566F81D157DC600EE811D /* SDBrowserImageView.h */ = {isa = PBXFileReference; fileEncoding = 4; lastKnownFileType = sourcecode.c.h; path = SDBrowserImageView.h; sourceTree = "<group>"; };
		4EF566F91D157DC600EE811D /* SDBrowserImageView.m */ = {isa = PBXFileReference; fileEncoding = 4; lastKnownFileType = sourcecode.c.objc; path = SDBrowserImageView.m; sourceTree = "<group>"; };
		4EF566FA1D157DC600EE811D /* SDPhotoBrowser.h */ = {isa = PBXFileReference; fileEncoding = 4; lastKnownFileType = sourcecode.c.h; path = SDPhotoBrowser.h; sourceTree = "<group>"; };
		4EF566FB1D157DC600EE811D /* SDPhotoBrowser.m */ = {isa = PBXFileReference; fileEncoding = 4; lastKnownFileType = sourcecode.c.objc; path = SDPhotoBrowser.m; sourceTree = "<group>"; };
		4EF566FC1D157DC600EE811D /* SDPhotoBrowserConfig.h */ = {isa = PBXFileReference; fileEncoding = 4; lastKnownFileType = sourcecode.c.h; path = SDPhotoBrowserConfig.h; sourceTree = "<group>"; };
		4EF566FD1D157DC600EE811D /* SDWaitingView.h */ = {isa = PBXFileReference; fileEncoding = 4; lastKnownFileType = sourcecode.c.h; path = SDWaitingView.h; sourceTree = "<group>"; };
		4EF566FE1D157DC600EE811D /* SDWaitingView.m */ = {isa = PBXFileReference; fileEncoding = 4; lastKnownFileType = sourcecode.c.objc; path = SDWaitingView.m; sourceTree = "<group>"; };
/* End PBXFileReference section */

/* Begin PBXFrameworksBuildPhase section */
		4E37B4301D13ABDE000304F1 /* Frameworks */ = {
			isa = PBXFrameworksBuildPhase;
			buildActionMask = 2147483647;
			files = (
			);
			runOnlyForDeploymentPostprocessing = 0;
		};
/* End PBXFrameworksBuildPhase section */

/* Begin PBXGroup section */
		4E37B42A1D13ABDE000304F1 = {
			isa = PBXGroup;
			children = (
				4E37B4351D13ABDE000304F1 /* friendCirle */,
				4E37B4341D13ABDE000304F1 /* Products */,
			);
			sourceTree = "<group>";
		};
		4E37B4341D13ABDE000304F1 /* Products */ = {
			isa = PBXGroup;
			children = (
				4E37B4331D13ABDE000304F1 /* friendCirle.app */,
			);
			name = Products;
			sourceTree = "<group>";
		};
		4E37B4351D13ABDE000304F1 /* friendCirle */ = {
			isa = PBXGroup;
			children = (
				4EF566F71D157DC600EE811D /* SDPhotosBrowser */,
				4E37B45B1D13ACCE000304F1 /* SDWebImage */,
				4E37B4391D13ABDE000304F1 /* AppDelegate.h */,
				4E37B43A1D13ABDE000304F1 /* AppDelegate.m */,
				4E37B48D1D13AD61000304F1 /* UIView+Extension.h */,
				4E37B48E1D13AD61000304F1 /* UIView+Extension.m */,
				4E37B43C1D13ABDE000304F1 /* ViewController.h */,
				4E37B43D1D13ABDE000304F1 /* ViewController.m */,
				4EF4C30B1D14012700D6720A /* KBFriendCirleView.h */,
				4EF4C30C1D14012700D6720A /* KBFriendCirleView.m */,
				4E37B43F1D13ABDE000304F1 /* Main.storyboard */,
				4E37B4421D13ABDE000304F1 /* Assets.xcassets */,
				4E37B4441D13ABDE000304F1 /* LaunchScreen.storyboard */,
				4E37B4471D13ABDE000304F1 /* Info.plist */,
				4E37B4361D13ABDE000304F1 /* Supporting Files */,
			);
			path = friendCirle;
			sourceTree = "<group>";
		};
		4E37B4361D13ABDE000304F1 /* Supporting Files */ = {
			isa = PBXGroup;
			children = (
				4E37B4371D13ABDE000304F1 /* main.m */,
			);
			name = "Supporting Files";
			sourceTree = "<group>";
		};
		4E37B45B1D13ACCE000304F1 /* SDWebImage */ = {
			isa = PBXGroup;
			children = (
				4E37B45C1D13ACCE000304F1 /* MKAnnotationView+WebCache.h */,
				4E37B45D1D13ACCE000304F1 /* MKAnnotationView+WebCache.m */,
				4E37B45E1D13ACCE000304F1 /* NSData+GIF.h */,
				4E37B45F1D13ACCE000304F1 /* NSData+GIF.m */,
				4E37B4601D13ACCE000304F1 /* SDImageCache.h */,
				4E37B4611D13ACCE000304F1 /* SDImageCache.m */,
				4E37B4621D13ACCE000304F1 /* SDWebImageCompat.h */,
				4E37B4631D13ACCE000304F1 /* SDWebImageCompat.m */,
				4E37B4641D13ACCE000304F1 /* SDWebImageDecoder.h */,
				4E37B4651D13ACCE000304F1 /* SDWebImageDecoder.m */,
				4E37B4661D13ACCE000304F1 /* SDWebImageDownloader.h */,
				4E37B4671D13ACCE000304F1 /* SDWebImageDownloader.m */,
				4E37B4681D13ACCE000304F1 /* SDWebImageDownloaderOperation.h */,
				4E37B4691D13ACCE000304F1 /* SDWebImageDownloaderOperation.m */,
				4E37B46A1D13ACCE000304F1 /* SDWebImageManager+MJ.h */,
				4E37B46B1D13ACCE000304F1 /* SDWebImageManager+MJ.m */,
				4E37B46C1D13ACCE000304F1 /* SDWebImageManager.h */,
				4E37B46D1D13ACCE000304F1 /* SDWebImageManager.m */,
				4E37B46E1D13ACCE000304F1 /* SDWebImageOperation.h */,
				4E37B46F1D13ACCE000304F1 /* SDWebImagePrefetcher.h */,
				4E37B4701D13ACCE000304F1 /* SDWebImagePrefetcher.m */,
				4E37B4711D13ACCE000304F1 /* UIButton+WebCache.h */,
				4E37B4721D13ACCE000304F1 /* UIButton+WebCache.m */,
				4E37B4731D13ACCE000304F1 /* UIImage+GIF.h */,
				4E37B4741D13ACCE000304F1 /* UIImage+GIF.m */,
				4E37B4751D13ACCE000304F1 /* UIImage+MultiFormat.h */,
				4E37B4761D13ACCE000304F1 /* UIImage+MultiFormat.m */,
				4E37B4771D13ACCE000304F1 /* UIImage+WebP.h */,
				4E37B4781D13ACCE000304F1 /* UIImage+WebP.m */,
				4E37B4791D13ACCE000304F1 /* UIImageView+MJWebCache.h */,
				4E37B47A1D13ACCE000304F1 /* UIImageView+MJWebCache.m */,
				4E37B47B1D13ACCE000304F1 /* UIImageView+WebCache.h */,
				4E37B47C1D13ACCE000304F1 /* UIImageView+WebCache.m */,
			);
			path = SDWebImage;
			sourceTree = "<group>";
		};
		4EF566F71D157DC600EE811D /* SDPhotosBrowser */ = {
			isa = PBXGroup;
			children = (
				4EF566F81D157DC600EE811D /* SDBrowserImageView.h */,
				4EF566F91D157DC600EE811D /* SDBrowserImageView.m */,
				4EF566FA1D157DC600EE811D /* SDPhotoBrowser.h */,
				4EF566FB1D157DC600EE811D /* SDPhotoBrowser.m */,
				4EF566FC1D157DC600EE811D /* SDPhotoBrowserConfig.h */,
				4EF566FD1D157DC600EE811D /* SDWaitingView.h */,
				4EF566FE1D157DC600EE811D /* SDWaitingView.m */,
			);
			path = SDPhotosBrowser;
			sourceTree = "<group>";
		};
/* End PBXGroup section */

/* Begin PBXNativeTarget section */
		4E37B4321D13ABDE000304F1 /* friendCirle */ = {
			isa = PBXNativeTarget;
			buildConfigurationList = 4E37B44A1D13ABDE000304F1 /* Build configuration list for PBXNativeTarget "friendCirle" */;
			buildPhases = (
				4E37B42F1D13ABDE000304F1 /* Sources */,
				4E37B4301D13ABDE000304F1 /* Frameworks */,
				4E37B4311D13ABDE000304F1 /* Resources */,
			);
			buildRules = (
			);
			dependencies = (
			);
			name = friendCirle;
			productName = friendCirle;
			productReference = 4E37B4331D13ABDE000304F1 /* friendCirle.app */;
			productType = "com.apple.product-type.application";
		};
/* End PBXNativeTarget section */

/* Begin PBXProject section */
		4E37B42B1D13ABDE000304F1 /* Project object */ = {
			isa = PBXProject;
			attributes = {
				LastUpgradeCheck = 0730;
				ORGANIZATIONNAME = kangbing;
				TargetAttributes = {
					4E37B4321D13ABDE000304F1 = {
						CreatedOnToolsVersion = 7.3;
					};
				};
			};
			buildConfigurationList = 4E37B42E1D13ABDE000304F1 /* Build configuration list for PBXProject "friendCirle" */;
			compatibilityVersion = "Xcode 3.2";
			developmentRegion = English;
			hasScannedForEncodings = 0;
			knownRegions = (
				en,
				Base,
			);
			mainGroup = 4E37B42A1D13ABDE000304F1;
			productRefGroup = 4E37B4341D13ABDE000304F1 /* Products */;
			projectDirPath = "";
			projectRoot = "";
			targets = (
				4E37B4321D13ABDE000304F1 /* friendCirle */,
			);
		};
/* End PBXProject section */

/* Begin PBXResourcesBuildPhase section */
		4E37B4311D13ABDE000304F1 /* Resources */ = {
			isa = PBXResourcesBuildPhase;
			buildActionMask = 2147483647;
			files = (
				4E37B4461D13ABDE000304F1 /* LaunchScreen.storyboard in Resources */,
				4E37B4431D13ABDE000304F1 /* Assets.xcassets in Resources */,
				4E37B4411D13ABDE000304F1 /* Main.storyboard in Resources */,
			);
			runOnlyForDeploymentPostprocessing = 0;
		};
/* End PBXResourcesBuildPhase section */

/* Begin PBXSourcesBuildPhase section */
		4E37B42F1D13ABDE000304F1 /* Sources */ = {
			isa = PBXSourcesBuildPhase;
			buildActionMask = 2147483647;
			files = (
				4E37B4801D13ACCE000304F1 /* SDWebImageCompat.m in Sources */,
				4E37B4851D13ACCE000304F1 /* SDWebImageManager.m in Sources */,
				4E37B4841D13ACCE000304F1 /* SDWebImageManager+MJ.m in Sources */,
				4E37B48A1D13ACCE000304F1 /* UIImage+WebP.m in Sources */,
				4E37B47D1D13ACCE000304F1 /* MKAnnotationView+WebCache.m in Sources */,
				4E37B48F1D13AD61000304F1 /* UIView+Extension.m in Sources */,
				4EF566FF1D157DC600EE811D /* SDBrowserImageView.m in Sources */,
				4E37B43E1D13ABDE000304F1 /* ViewController.m in Sources */,
				4E37B4831D13ACCE000304F1 /* SDWebImageDownloaderOperation.m in Sources */,
				4E37B4871D13ACCE000304F1 /* UIButton+WebCache.m in Sources */,
				4E37B48B1D13ACCE000304F1 /* UIImageView+MJWebCache.m in Sources */,
				4E37B4861D13ACCE000304F1 /* SDWebImagePrefetcher.m in Sources */,
				4E37B4811D13ACCE000304F1 /* SDWebImageDecoder.m in Sources */,
				4E37B43B1D13ABDE000304F1 /* AppDelegate.m in Sources */,
				4E37B47E1D13ACCE000304F1 /* NSData+GIF.m in Sources */,
				4E37B4891D13ACCE000304F1 /* UIImage+MultiFormat.m in Sources */,
				4E37B4821D13ACCE000304F1 /* SDWebImageDownloader.m in Sources */,
				4EF4C30D1D14012700D6720A /* KBFriendCirleView.m in Sources */,
				4E37B4381D13ABDE000304F1 /* main.m in Sources */,
				4E37B4881D13ACCE000304F1 /* UIImage+GIF.m in Sources */,
				4E37B48C1D13ACCE000304F1 /* UIImageView+WebCache.m in Sources */,
				4EF567001D157DC600EE811D /* SDPhotoBrowser.m in Sources */,
				4E37B47F1D13ACCE000304F1 /* SDImageCache.m in Sources */,
				4EF567011D157DC600EE811D /* SDWaitingView.m in Sources */,
			);
			runOnlyForDeploymentPostprocessing = 0;
		};
/* End PBXSourcesBuildPhase section */

/* Begin PBXVariantGroup section */
		4E37B43F1D13ABDE000304F1 /* Main.storyboard */ = {
			isa = PBXVariantGroup;
			children = (
				4E37B4401D13ABDE000304F1 /* Base */,
			);
			name = Main.storyboard;
			sourceTree = "<group>";
		};
		4E37B4441D13ABDE000304F1 /* LaunchScreen.storyboard */ = {
			isa = PBXVariantGroup;
			children = (
				4E37B4451D13ABDE000304F1 /* Base */,
			);
			name = LaunchScreen.storyboard;
			sourceTree = "<group>";
		};
/* End PBXVariantGroup section */

/* Begin XCBuildConfiguration section */
		4E37B4481D13ABDE000304F1 /* Debug */ = {
			isa = XCBuildConfiguration;
			buildSettings = {
				ALWAYS_SEARCH_USER_PATHS = NO;
				CLANG_ANALYZER_NONNULL = YES;
				CLANG_CXX_LANGUAGE_STANDARD = "gnu++0x";
				CLANG_CXX_LIBRARY = "libc++";
				CLANG_ENABLE_MODULES = YES;
				CLANG_ENABLE_OBJC_ARC = YES;
				CLANG_WARN_BOOL_CONVERSION = YES;
				CLANG_WARN_CONSTANT_CONVERSION = YES;
				CLANG_WARN_DIRECT_OBJC_ISA_USAGE = YES_ERROR;
				CLANG_WARN_EMPTY_BODY = YES;
				CLANG_WARN_ENUM_CONVERSION = YES;
				CLANG_WARN_INT_CONVERSION = YES;
				CLANG_WARN_OBJC_ROOT_CLASS = YES_ERROR;
				CLANG_WARN_UNREACHABLE_CODE = YES;
				CLANG_WARN__DUPLICATE_METHOD_MATCH = YES;
				"CODE_SIGN_IDENTITY[sdk=iphoneos*]" = "iPhone Developer";
				COPY_PHASE_STRIP = NO;
				DEBUG_INFORMATION_FORMAT = dwarf;
				ENABLE_STRICT_OBJC_MSGSEND = YES;
				ENABLE_TESTABILITY = YES;
				GCC_C_LANGUAGE_STANDARD = gnu99;
				GCC_DYNAMIC_NO_PIC = NO;
				GCC_NO_COMMON_BLOCKS = YES;
				GCC_OPTIMIZATION_LEVEL = 0;
				GCC_PREPROCESSOR_DEFINITIONS = (
					"DEBUG=1",
					"$(inherited)",
				);
				GCC_WARN_64_TO_32_BIT_CONVERSION = YES;
				GCC_WARN_ABOUT_RETURN_TYPE = YES_ERROR;
				GCC_WARN_UNDECLARED_SELECTOR = YES;
				GCC_WARN_UNINITIALIZED_AUTOS = YES_AGGRESSIVE;
				GCC_WARN_UNUSED_FUNCTION = YES;
				GCC_WARN_UNUSED_VARIABLE = YES;
				IPHONEOS_DEPLOYMENT_TARGET = 9.3;
				MTL_ENABLE_DEBUG_INFO = YES;
				ONLY_ACTIVE_ARCH = YES;
				SDKROOT = iphoneos;
				TARGETED_DEVICE_FAMILY = "1,2";
			};
			name = Debug;
		};
		4E37B4491D13ABDE000304F1 /* Release */ = {
			isa = XCBuildConfiguration;
			buildSettings = {
				ALWAYS_SEARCH_USER_PATHS = NO;
				CLANG_ANALYZER_NONNULL = YES;
				CLANG_CXX_LANGUAGE_STANDARD = "gnu++0x";
				CLANG_CXX_LIBRARY = "libc++";
				CLANG_ENABLE_MODULES = YES;
				CLANG_ENABLE_OBJC_ARC = YES;
				CLANG_WARN_BOOL_CONVERSION = YES;
				CLANG_WARN_CONSTANT_CONVERSION = YES;
				CLANG_WARN_DIRECT_OBJC_ISA_USAGE = YES_ERROR;
				CLANG_WARN_EMPTY_BODY = YES;
				CLANG_WARN_ENUM_CONVERSION = YES;
				CLANG_WARN_INT_CONVERSION = YES;
				CLANG_WARN_OBJC_ROOT_CLASS = YES_ERROR;
				CLANG_WARN_UNREACHABLE_CODE = YES;
				CLANG_WARN__DUPLICATE_METHOD_MATCH = YES;
				"CODE_SIGN_IDENTITY[sdk=iphoneos*]" = "iPhone Developer";
				COPY_PHASE_STRIP = NO;
				DEBUG_INFORMATION_FORMAT = "dwarf-with-dsym";
				ENABLE_NS_ASSERTIONS = NO;
				ENABLE_STRICT_OBJC_MSGSEND = YES;
				GCC_C_LANGUAGE_STANDARD = gnu99;
				GCC_NO_COMMON_BLOCKS = YES;
				GCC_WARN_64_TO_32_BIT_CONVERSION = YES;
				GCC_WARN_ABOUT_RETURN_TYPE = YES_ERROR;
				GCC_WARN_UNDECLARED_SELECTOR = YES;
				GCC_WARN_UNINITIALIZED_AUTOS = YES_AGGRESSIVE;
				GCC_WARN_UNUSED_FUNCTION = YES;
				GCC_WARN_UNUSED_VARIABLE = YES;
				IPHONEOS_DEPLOYMENT_TARGET = 9.3;
				MTL_ENABLE_DEBUG_INFO = NO;
				SDKROOT = iphoneos;
				TARGETED_DEVICE_FAMILY = "1,2";
				VALIDATE_PRODUCT = YES;
			};
			name = Release;
		};
		4E37B44B1D13ABDE000304F1 /* Debug */ = {
			isa = XCBuildConfiguration;
			buildSettings = {
				ASSETCATALOG_COMPILER_APPICON_NAME = AppIcon;
				INFOPLIST_FILE = friendCirle/Info.plist;
				LD_RUNPATH_SEARCH_PATHS = "$(inherited) @executable_path/Frameworks";
				PRODUCT_BUNDLE_IDENTIFIER = cn.kangbing.friendCirle;
				PRODUCT_NAME = "$(TARGET_NAME)";
			};
			name = Debug;
		};
		4E37B44C1D13ABDE000304F1 /* Release */ = {
			isa = XCBuildConfiguration;
			buildSettings = {
				ASSETCATALOG_COMPILER_APPICON_NAME = AppIcon;
				INFOPLIST_FILE = friendCirle/Info.plist;
				LD_RUNPATH_SEARCH_PATHS = "$(inherited) @executable_path/Frameworks";
				PRODUCT_BUNDLE_IDENTIFIER = cn.kangbing.friendCirle;
				PRODUCT_NAME = "$(TARGET_NAME)";
			};
			name = Release;
		};
/* End XCBuildConfiguration section */

/* Begin XCConfigurationList section */
		4E37B42E1D13ABDE000304F1 /* Build configuration list for PBXProject "friendCirle" */ = {
			isa = XCConfigurationList;
			buildConfigurations = (
				4E37B4481D13ABDE000304F1 /* Debug */,
				4E37B4491D13ABDE000304F1 /* Release */,
			);
			defaultConfigurationIsVisible = 0;
			defaultConfigurationName = Release;
		};
		4E37B44A1D13ABDE000304F1 /* Build configuration list for PBXNativeTarget "friendCirle" */ = {
			isa = XCConfigurationList;
			buildConfigurations = (
				4E37B44B1D13ABDE000304F1 /* Debug */,
				4E37B44C1D13ABDE000304F1 /* Release */,
			);
			defaultConfigurationIsVisible = 0;
			defaultConfigurationName = Release;
		};
/* End XCConfigurationList section */
	};
	rootObject = 4E37B42B1D13ABDE000304F1 /* Project object */;
}
